
Microsoft Visual Studio Solution File, Format Version 12.00
# Visual Studio Version 17
VisualStudioVersion = 17.14.36301.6 d17.14
MinimumVisualStudioVersion = 10.0.40219.1
Project("{FAE04EC0-301F-11D3-BF4B-00C04F79EFBC}") = "WebApiHandsOn", "WebApiHandsOn\WebApiHandsOn.csproj", "{9C353DE1-94DB-48B4-B96E-2ECC513D4CB2}"
EndProject
Global
	GlobalSection(SolutionConfigurationPlatforms) = preSolution
		Debug|Any CPU = Debug|Any CPU
		Release|Any CPU = Release|Any CPU
	EndGlobalSection
	GlobalSection(ProjectConfigurationPlatforms) = postSolution
		{9C353DE1-94DB-48B4-B96E-2ECC513D4CB2}.Debug|Any CPU.ActiveCfg = Debug|Any CPU
		{9C353DE1-94DB-48B4-B96E-2ECC513D4CB2}.Debug|Any CPU.Build.0 = Debug|Any CPU
		{9C353DE1-94DB-48B4-B96E-2ECC513D4CB2}.Release|Any CPU.ActiveCfg = Release|Any CPU
		{9C353DE1-94DB-48B4-B96E-2ECC513D4CB2}.Release|Any CPU.Build.0 = Release|Any CPU
	EndGlobalSection
	GlobalSection(SolutionProperties) = preSolution
		HideSolutionNode = FALSE
	EndGlobalSection
	GlobalSection(ExtensibilityGlobals) = postSolution
		SolutionGuid = {E9A75D77-12C8-4034-AEA4-33CA9CD10EB6}
	EndGlobalSection
EndGlobal
